
Microsoft Visual Studio Solution File, Format Version 12.00
# Visual Studio Version 16
VisualStudioVersion = 16.0.29123.89
MinimumVisualStudioVersion = 10.0.40219.1
Project("{FAE04EC0-301F-11D3-BF4B-00C04F79EFBC}") = "CPW212-UnitTestStarterCode", "CPW212-UnitTestStarterCode\CPW212-UnitTestStarterCode.csproj", "{A6B7BA9E-A2C4-44A5-892A-76AB889FB901}"
EndProject
Project("{FAE04EC0-301F-11D3-BF4B-00C04F79EFBC}") = "CPW212-UnitTestStarterCodeTests", "CPW212-UnitTestStarterCodeTests\CPW212-UnitTestStarterCodeTests.csproj", "{9742C40E-C147-40F0-A343-AE30F2AF6BCA}"
EndProject
Global
	GlobalSection(SolutionConfigurationPlatforms) = preSolution
		Debug|Any CPU = Debug|Any CPU
		Release|Any CPU = Release|Any CPU
	EndGlobalSection
	GlobalSection(ProjectConfigurationPlatforms) = postSolution
		{A6B7BA9E-A2C4-44A5-892A-76AB889FB901}.Debug|Any CPU.ActiveCfg = Debug|Any CPU
		{A6B7BA9E-A2C4-44A5-892A-76AB889FB901}.Debug|Any CPU.Build.0 = Debug|Any CPU
		{A6B7BA9E-A2C4-44A5-892A-76AB889FB901}.Release|Any CPU.ActiveCfg = Release|Any CPU
		{A6B7BA9E-A2C4-44A5-892A-76AB889FB901}.Release|Any CPU.Build.0 = Release|Any CPU
		{9742C40E-C147-40F0-A343-AE30F2AF6BCA}.Debug|Any CPU.ActiveCfg = Debug|Any CPU
		{9742C40E-C147-40F0-A343-AE30F2AF6BCA}.Debug|Any CPU.Build.0 = Debug|Any CPU
		{9742C40E-C147-40F0-A343-AE30F2AF6BCA}.Release|Any CPU.ActiveCfg = Release|Any CPU
		{9742C40E-C147-40F0-A343-AE30F2AF6BCA}.Release|Any CPU.Build.0 = Release|Any CPU
	EndGlobalSection
	GlobalSection(SolutionProperties) = preSolution
		HideSolutionNode = FALSE
	EndGlobalSection
	GlobalSection(ExtensibilityGlobals) = postSolution
		SolutionGuid = {3CF90BF1-0257-43EA-AB4E-1AA5AD93F8B9}
	EndGlobalSection
EndGlobal
